{
    "name": "@bighuman-packaging-demos/dependent",
    "version": "0.1.0-npm-package",
    "lockfileVersion": 2,
    "requires": true,
    "packages": {
        "": {
            "name": "@bighuman-packaging-demos/dependent",
            "version": "0.1.0-npm-package",
            "dependencies": {
                "@bighuman-packaging-demos/dependency": "^0.1.0-npm-package"
            }
        },
        "node_modules/@bighuman-packaging-demos/dependency": {
            "version": "0.1.0-npm-package",
            "resolved": "https://npm.pkg.github.com/download/@bighuman-packaging-demos/dependency/0.1.0-npm-package/c2d499de1ab9416528902fa3e0ffd82cf52329c38ba13c70c3acc676aed63bd6",
            "integrity": "sha512-UVfD8mXaOauZCpSTcCZ2UEOjIwr4uXdw+G+xid2Osk+2ACjLc9/lVAI8Ydkyun2OywpE/vQXHymhqwNre8I7ww=="
        }
    },
    "dependencies": {
        "@bighuman-packaging-demos/dependency": {
            "version": "0.1.0-npm-package",
            "resolved": "https://npm.pkg.github.com/download/@bighuman-packaging-demos/dependency/0.1.0-npm-package/c2d499de1ab9416528902fa3e0ffd82cf52329c38ba13c70c3acc676aed63bd6",
            "integrity": "sha512-UVfD8mXaOauZCpSTcCZ2UEOjIwr4uXdw+G+xid2Osk+2ACjLc9/lVAI8Ydkyun2OywpE/vQXHymhqwNre8I7ww=="
        }
    }
}
